
Microsoft Visual Studio Solution File, Format Version 12.00
# Visual Studio Version 17
VisualStudioVersion = 17.8.34316.72
MinimumVisualStudioVersion = 10.0.40219.1
Project("{FAE04EC0-301F-11D3-BF4B-00C04F79EFBC}") = "homework", "homework\homework.csproj", "{EDEAEA9A-6C3A-433C-A5F1-C4904F412E6D}"
EndProject
Global
	GlobalSection(SolutionConfigurationPlatforms) = preSolution
		Debug|Any CPU = Debug|Any CPU
		Release|Any CPU = Release|Any CPU
	EndGlobalSection
	GlobalSection(ProjectConfigurationPlatforms) = postSolution
		{EDEAEA9A-6C3A-433C-A5F1-C4904F412E6D}.Debug|Any CPU.ActiveCfg = Debug|Any CPU
		{EDEAEA9A-6C3A-433C-A5F1-C4904F412E6D}.Debug|Any CPU.Build.0 = Debug|Any CPU
		{EDEAEA9A-6C3A-433C-A5F1-C4904F412E6D}.Release|Any CPU.ActiveCfg = Release|Any CPU
		{EDEAEA9A-6C3A-433C-A5F1-C4904F412E6D}.Release|Any CPU.Build.0 = Release|Any CPU
	EndGlobalSection
	GlobalSection(SolutionProperties) = preSolution
		HideSolutionNode = FALSE
	EndGlobalSection
	GlobalSection(ExtensibilityGlobals) = postSolution
		SolutionGuid = {CBED6863-DF16-4FD3-9DCD-AEC94698BDE4}
	EndGlobalSection
EndGlobal
